
Microsoft Visual Studio Solution File, Format Version 12.00
# Visual Studio Version 17
VisualStudioVersion = 17.1.32228.430
MinimumVisualStudioVersion = 10.0.40219.1
Project("{9A19103F-16F7-4668-BE54-9A1E7A4F7556}") = "CryptoBlazor", "CryptoBlazor\CryptoBlazor.csproj", "{E643E508-08B1-40F4-9EF8-7BB3B962781E}"
	ProjectSection(ProjectDependencies) = postProject
		{84F5AA3B-36C7-41C2-B8E1-573A08950CCB} = {84F5AA3B-36C7-41C2-B8E1-573A08950CCB}
	EndProjectSection
EndProject
Project("{9A19103F-16F7-4668-BE54-9A1E7A4F7556}") = "TradingView.Blazor", "TradingView.Blazor\TradingView.Blazor.csproj", "{84F5AA3B-36C7-41C2-B8E1-573A08950CCB}"
EndProject
Project("{9A19103F-16F7-4668-BE54-9A1E7A4F7556}") = "UnitTests", "BlazorTest\UnitTests.csproj", "{66031FB1-BBAE-48BD-B091-862171FFC141}"
	ProjectSection(ProjectDependencies) = postProject
		{E643E508-08B1-40F4-9EF8-7BB3B962781E} = {E643E508-08B1-40F4-9EF8-7BB3B962781E}
	EndProjectSection
EndProject
Global
	GlobalSection(SolutionConfigurationPlatforms) = preSolution
		Debug|Any CPU = Debug|Any CPU
		Release|Any CPU = Release|Any CPU
	EndGlobalSection
	GlobalSection(ProjectConfigurationPlatforms) = postSolution
		{E643E508-08B1-40F4-9EF8-7BB3B962781E}.Debug|Any CPU.ActiveCfg = Debug|Any CPU
		{E643E508-08B1-40F4-9EF8-7BB3B962781E}.Debug|Any CPU.Build.0 = Debug|Any CPU
		{E643E508-08B1-40F4-9EF8-7BB3B962781E}.Release|Any CPU.ActiveCfg = Release|Any CPU
		{E643E508-08B1-40F4-9EF8-7BB3B962781E}.Release|Any CPU.Build.0 = Release|Any CPU
		{84F5AA3B-36C7-41C2-B8E1-573A08950CCB}.Debug|Any CPU.ActiveCfg = Debug|Any CPU
		{84F5AA3B-36C7-41C2-B8E1-573A08950CCB}.Debug|Any CPU.Build.0 = Debug|Any CPU
		{84F5AA3B-36C7-41C2-B8E1-573A08950CCB}.Release|Any CPU.ActiveCfg = Release|Any CPU
		{84F5AA3B-36C7-41C2-B8E1-573A08950CCB}.Release|Any CPU.Build.0 = Release|Any CPU
		{66031FB1-BBAE-48BD-B091-862171FFC141}.Debug|Any CPU.ActiveCfg = Debug|Any CPU
		{66031FB1-BBAE-48BD-B091-862171FFC141}.Debug|Any CPU.Build.0 = Debug|Any CPU
		{66031FB1-BBAE-48BD-B091-862171FFC141}.Release|Any CPU.ActiveCfg = Release|Any CPU
		{66031FB1-BBAE-48BD-B091-862171FFC141}.Release|Any CPU.Build.0 = Release|Any CPU
	EndGlobalSection
	GlobalSection(SolutionProperties) = preSolution
		HideSolutionNode = FALSE
	EndGlobalSection
	GlobalSection(ExtensibilityGlobals) = postSolution
		SolutionGuid = {5BA8DF4E-4A7E-4FE5-8EE7-5A597C2E9885}
	EndGlobalSection
EndGlobal
